
Microsoft Visual Studio Solution File, Format Version 12.00
# Visual Studio Version 17
VisualStudioVersion = 17.1.32228.430
MinimumVisualStudioVersion = 10.0.40219.1
Project("{FAE04EC0-301F-11D3-BF4B-00C04F79EFBC}") = "Gyak feladatok", "Gyak feladatok\Gyak feladatok.csproj", "{AE811FD3-398E-42C6-9EF5-3960CD16C1E3}"
EndProject
Global
	GlobalSection(SolutionConfigurationPlatforms) = preSolution
		Debug|Any CPU = Debug|Any CPU
		Release|Any CPU = Release|Any CPU
	EndGlobalSection
	GlobalSection(ProjectConfigurationPlatforms) = postSolution
		{AE811FD3-398E-42C6-9EF5-3960CD16C1E3}.Debug|Any CPU.ActiveCfg = Debug|Any CPU
		{AE811FD3-398E-42C6-9EF5-3960CD16C1E3}.Debug|Any CPU.Build.0 = Debug|Any CPU
		{AE811FD3-398E-42C6-9EF5-3960CD16C1E3}.Release|Any CPU.ActiveCfg = Release|Any CPU
		{AE811FD3-398E-42C6-9EF5-3960CD16C1E3}.Release|Any CPU.Build.0 = Release|Any CPU
	EndGlobalSection
	GlobalSection(SolutionProperties) = preSolution
		HideSolutionNode = FALSE
	EndGlobalSection
	GlobalSection(ExtensibilityGlobals) = postSolution
		SolutionGuid = {8715526B-D70B-43C6-A5AD-3BCB2F5696DA}
	EndGlobalSection
EndGlobal
